<?xml version="1.0" encoding="utf-8"?>
<Project ToolsVersion="4.0" xmlns="http://schemas.microsoft.com/developer/msbuild/2003">
  <ItemGroup>
    <Filter Include="Исходные файлы">
      <UniqueIdentifier>{4FC737F1-C7A5-4376-A066-2A32D752A2FF}</UniqueIdentifier>
      <Extensions>cpp;c;cc;cxx;c++;cppm;ixx;def;odl;idl;hpj;bat;asm;asmx</Extensions>
    </Filter>
    <Filter Include="Файлы заголовков">
      <UniqueIdentifier>{93995380-89BD-4b04-88EB-625FBE52EBFB}</UniqueIdentifier>
      <Extensions>h;hh;hpp;hxx;h++;hm;inl;inc;ipp;xsd</Extensions>
    </Filter>
    <Filter Include="Файлы ресурсов">
      <UniqueIdentifier>{67DA6AB6-F800-4c08-8B7A-83BB121AAD01}</UniqueIdentifier>
      <Extensions>rc;ico;cur;bmp;dlg;rc2;rct;bin;rgs;gif;jpg;jpeg;jpe;resx;tiff;tif;png;wav;mfcribbon-ms</Extensions>
    </Filter>
    <Filter Include="Файлы заголовков\Toolbar">
      <UniqueIdentifier>{2a4841bd-e38b-41d6-acec-d658de44a3b9}</UniqueIdentifier>
    </Filter>
    <Filter Include="Исходные файлы\Toolbar">
      <UniqueIdentifier>{29422e1d-d694-4bb6-905b-96c0ad396a69}</UniqueIdentifier>
    </Filter>
    <Filter Include="Исходные файлы\SkeletonCanvas">
      <UniqueIdentifier>{f2074353-7232-4f59-8015-a3f617e44639}</UniqueIdentifier>
    </Filter>
    <Filter Include="Исходные файлы\CalotteCanvas">
      <UniqueIdentifier>{c7ff2360-5c74-4d0d-86b4-8cceeadfb6fe}</UniqueIdentifier>
    </Filter>
    <Filter Include="Файлы заголовков\CalotteCanvas">
      <UniqueIdentifier>{e7f51dff-8791-41e0-b709-f5d83d672705}</UniqueIdentifier>
    </Filter>
    <Filter Include="Файлы заголовков\SkeletonCanvas">
      <UniqueIdentifier>{f4839764-a03a-48e5-86df-6c8016c2fbe5}</UniqueIdentifier>
    </Filter>
  </ItemGroup>
  <ItemGroup>
    <ClInclude Include="framework.h">
      <Filter>Файлы заголовков</Filter>
    </ClInclude>
    <ClInclude Include="targetver.h">
      <Filter>Файлы заголовков</Filter>
    </ClInclude>
    <ClInclude Include="Resource.h">
      <Filter>Файлы заголовков</Filter>
    </ClInclude>
    <ClInclude Include="main.h">
      <Filter>Файлы заголовков</Filter>
    </ClInclude>
    <ClInclude Include="Toolbar.h">
      <Filter>Файлы заголовков\Toolbar</Filter>
    </ClInclude>
    <ClInclude Include="CalotteCanvas.h">
      <Filter>Файлы заголовков\CalotteCanvas</Filter>
    </ClInclude>
    <ClInclude Include="SkeletonCanvas.h">
      <Filter>Файлы заголовков\SkeletonCanvas</Filter>
    </ClInclude>
    <ClInclude Include="Win32Application.h">
      <Filter>Файлы заголовков</Filter>
    </ClInclude>
  </ItemGroup>
  <ItemGroup>
    <ClCompile Include="main.cpp">
      <Filter>Исходные файлы</Filter>
    </ClCompile>
    <ClCompile Include="Toolbar.cpp">
      <Filter>Исходные файлы\Toolbar</Filter>
    </ClCompile>
    <ClCompile Include="CalotteCanvas.cpp">
      <Filter>Исходные файлы\CalotteCanvas</Filter>
    </ClCompile>
    <ClCompile Include="SkeletonCanvas.cpp">
      <Filter>Исходные файлы\SkeletonCanvas</Filter>
    </ClCompile>
    <ClCompile Include="Win32Application.cpp">
      <Filter>Исходные файлы</Filter>
    </ClCompile>
  </ItemGroup>
  <ItemGroup>
    <ResourceCompile Include="CourseProject-IV.rc">
      <Filter>Файлы ресурсов</Filter>
    </ResourceCompile>
  </ItemGroup>
  <ItemGroup>
    <Image Include="small.ico">
      <Filter>Файлы ресурсов</Filter>
    </Image>
    <Image Include="CourseProject-IV.ico">
      <Filter>Файлы ресурсов</Filter>
    </Image>
    <Image Include="bitmap1.bmp">
      <Filter>Файлы ресурсов</Filter>
    </Image>
    <Image Include="icons\bromine.bmp">
      <Filter>Файлы ресурсов</Filter>
    </Image>
    <Image Include="icons\carbon.bmp">
      <Filter>Файлы ресурсов</Filter>
    </Image>
    <Image Include="icons\chlorine.bmp">
      <Filter>Файлы ресурсов</Filter>
    </Image>
    <Image Include="icons\double.bmp">
      <Filter>Файлы ресурсов</Filter>
    </Image>
    <Image Include="icons\eraser.bmp">
      <Filter>Файлы ресурсов</Filter>
    </Image>
    <Image Include="icons\fluorine.bmp">
      <Filter>Файлы ресурсов</Filter>
    </Image>
    <Image Include="icons\iodine.bmp">
      <Filter>Файлы ресурсов</Filter>
    </Image>
    <Image Include="icons\nitrogen.bmp">
      <Filter>Файлы ресурсов</Filter>
    </Image>
    <Image Include="icons\oxygen.bmp">
      <Filter>Файлы ресурсов</Filter>
    </Image>
    <Image Include="icons\phosphorus.bmp">
      <Filter>Файлы ресурсов</Filter>
    </Image>
    <Image Include="icons\single.bmp">
      <Filter>Файлы ресурсов</Filter>
    </Image>
    <Image Include="icons\sulfur.bmp">
      <Filter>Файлы ресурсов</Filter>
    </Image>
    <Image Include="icons\triple.bmp">
      <Filter>Файлы ресурсов</Filter>
    </Image>
  </ItemGroup>
</Project>